// !$*UTF8*$!
{
	archiveVersion = 1;
	classes = {
	};
	objectVersion = 50;
	objects = {

/* Begin PBXBuildFile section */
		49AF70682223805E0081EE79 /* AppDelegate.swift in Sources */ = {isa = PBXBuildFile; fileRef = 49AF70672223805E0081EE79 /* AppDelegate.swift */; };
		49AF706A2223805E0081EE79 /* ViewController.swift in Sources */ = {isa = PBXBuildFile; fileRef = 49AF70692223805E0081EE79 /* ViewController.swift */; };
		49AF706D2223805E0081EE79 /* Main.storyboard in Resources */ = {isa = PBXBuildFile; fileRef = 49AF706B2223805E0081EE79 /* Main.storyboard */; };
		49AF706F2223805F0081EE79 /* Assets.xcassets in Resources */ = {isa = PBXBuildFile; fileRef = 49AF706E2223805F0081EE79 /* Assets.xcassets */; };
		49AF70722223805F0081EE79 /* LaunchScreen.storyboard in Resources */ = {isa = PBXBuildFile; fileRef = 49AF70702223805F0081EE79 /* LaunchScreen.storyboard */; };
		F85BEB18566646CDC84FF920 /* Pods_ActivityIndicator.framework in Frameworks */ = {isa = PBXBuildFile; fileRef = 48933E99538AB39A16C7A248 /* Pods_ActivityIndicator.framework */; };
/* End PBXBuildFile section */

/* Begin PBXFileReference section */
		41FCB5179479D2FC1DE67874 /* Pods-ActivityIndicator.debug.xcconfig */ = {isa = PBXFileReference; includeInIndex = 1; lastKnownFileType = text.xcconfig; name = "Pods-ActivityIndicator.debug.xcconfig"; path = "Target Support Files/Pods-ActivityIndicator/Pods-ActivityIndicator.debug.xcconfig"; sourceTree = "<group>"; };
		48933E99538AB39A16C7A248 /* Pods_ActivityIndicator.framework */ = {isa = PBXFileReference; explicitFileType = wrapper.framework; includeInIndex = 0; path = Pods_ActivityIndicator.framework; sourceTree = BUILT_PRODUCTS_DIR; };
		49AF70642223805E0081EE79 /* ActivityIndicator.app */ = {isa = PBXFileReference; explicitFileType = wrapper.application; includeInIndex = 0; path = ActivityIndicator.app; sourceTree = BUILT_PRODUCTS_DIR; };
		49AF70672223805E0081EE79 /* AppDelegate.swift */ = {isa = PBXFileReference; lastKnownFileType = sourcecode.swift; path = AppDelegate.swift; sourceTree = "<group>"; };
		49AF70692223805E0081EE79 /* ViewController.swift */ = {isa = PBXFileReference; lastKnownFileType = sourcecode.swift; path = ViewController.swift; sourceTree = "<group>"; };
		49AF706C2223805E0081EE79 /* Base */ = {isa = PBXFileReference; lastKnownFileType = file.storyboard; name = Base; path = Base.lproj/Main.storyboard; sourceTree = "<group>"; };
		49AF706E2223805F0081EE79 /* Assets.xcassets */ = {isa = PBXFileReference; lastKnownFileType = folder.assetcatalog; path = Assets.xcassets; sourceTree = "<group>"; };
		49AF70712223805F0081EE79 /* Base */ = {isa = PBXFileReference; lastKnownFileType = file.storyboard; name = Base; path = Base.lproj/LaunchScreen.storyboard; sourceTree = "<group>"; };
		49AF70732223805F0081EE79 /* Info.plist */ = {isa = PBXFileReference; lastKnownFileType = text.plist.xml; path = Info.plist; sourceTree = "<group>"; };
		7C925DF05E63E1E69FBD3260 /* Pods-ActivityIndicator.release.xcconfig */ = {isa = PBXFileReference; includeInIndex = 1; lastKnownFileType = text.xcconfig; name = "Pods-ActivityIndicator.release.xcconfig"; path = "Target Support Files/Pods-ActivityIndicator/Pods-ActivityIndicator.release.xcconfig"; sourceTree = "<group>"; };
/* End PBXFileReference section */

/* Begin PBXFrameworksBuildPhase section */
		49AF70612223805E0081EE79 /* Frameworks */ = {
			isa = PBXFrameworksBuildPhase;
			buildActionMask = 2147483647;
			files = (
				F85BEB18566646CDC84FF920 /* Pods_ActivityIndicator.framework in Frameworks */,
			);
			runOnlyForDeploymentPostprocessing = 0;
		};
/* End PBXFrameworksBuildPhase section */

/* Begin PBXGroup section */
		331BB0A77E4A619C990651CD /* Pods */ = {
			isa = PBXGroup;
			children = (
				41FCB5179479D2FC1DE67874 /* Pods-ActivityIndicator.debug.xcconfig */,
				7C925DF05E63E1E69FBD3260 /* Pods-ActivityIndicator.release.xcconfig */,
			);
			name = Pods;
			path = Pods;
			sourceTree = "<group>";
		};
		49AF705B2223805E0081EE79 = {
			isa = PBXGroup;
			children = (
				49AF70662223805E0081EE79 /* ActivityIndicator */,
				49AF70652223805E0081EE79 /* Products */,
				331BB0A77E4A619C990651CD /* Pods */,
				BA26241C5B8478B9599C4C5C /* Frameworks */,
			);
			sourceTree = "<group>";
		};
		49AF70652223805E0081EE79 /* Products */ = {
			isa = PBXGroup;
			children = (
				49AF70642223805E0081EE79 /* ActivityIndicator.app */,
			);
			name = Products;
			sourceTree = "<group>";
		};
		49AF70662223805E0081EE79 /* ActivityIndicator */ = {
			isa = PBXGroup;
			children = (
				49AF70672223805E0081EE79 /* AppDelegate.swift */,
				49AF70692223805E0081EE79 /* ViewController.swift */,
				49AF706B2223805E0081EE79 /* Main.storyboard */,
				49AF706E2223805F0081EE79 /* Assets.xcassets */,
				49AF70702223805F0081EE79 /* LaunchScreen.storyboard */,
				49AF70732223805F0081EE79 /* Info.plist */,
			);
			path = ActivityIndicator;
			sourceTree = "<group>";
		};
		BA26241C5B8478B9599C4C5C /* Frameworks */ = {
			isa = PBXGroup;
			children = (
				48933E99538AB39A16C7A248 /* Pods_ActivityIndicator.framework */,
			);
			name = Frameworks;
			sourceTree = "<group>";
		};
/* End PBXGroup section */

/* Begin PBXNativeTarget section */
		49AF70632223805E0081EE79 /* ActivityIndicator */ = {
			isa = PBXNativeTarget;
			buildConfigurationList = 49AF70762223805F0081EE79 /* Build configuration list for PBXNativeTarget "ActivityIndicator" */;
			buildPhases = (
				64EC48EDF2AEE79C475A9C35 /* [CP] Check Pods Manifest.lock */,
				49AF70602223805E0081EE79 /* Sources */,
				49AF70612223805E0081EE79 /* Frameworks */,
				49AF70622223805E0081EE79 /* Resources */,
				53EC34FF287E69C00FD8B176 /* [CP] Embed Pods Frameworks */,
			);
			buildRules = (
			);
			dependencies = (
			);
			name = ActivityIndicator;
			productName = ActivityIndicator;
			productReference = 49AF70642223805E0081EE79 /* ActivityIndicator.app */;
			productType = "com.apple.product-type.application";
		};
/* End PBXNativeTarget section */

/* Begin PBXProject section */
		49AF705C2223805E0081EE79 /* Project object */ = {
			isa = PBXProject;
			attributes = {
				LastSwiftUpdateCheck = 1010;
				LastUpgradeCheck = 1010;
				ORGANIZATIONNAME = IMCS2;
				TargetAttributes = {
					49AF70632223805E0081EE79 = {
						CreatedOnToolsVersion = 10.1;
					};
				};
			};
			buildConfigurationList = 49AF705F2223805E0081EE79 /* Build configuration list for PBXProject "ActivityIndicator" */;
			compatibilityVersion = "Xcode 9.3";
			developmentRegion = en;
			hasScannedForEncodings = 0;
			knownRegions = (
				en,
				Base,
			);
			mainGroup = 49AF705B2223805E0081EE79;
			productRefGroup = 49AF70652223805E0081EE79 /* Products */;
			projectDirPath = "";
			projectRoot = "";
			targets = (
				49AF70632223805E0081EE79 /* ActivityIndicator */,
			);
		};
/* End PBXProject section */

/* Begin PBXResourcesBuildPhase section */
		49AF70622223805E0081EE79 /* Resources */ = {
			isa = PBXResourcesBuildPhase;
			buildActionMask = 2147483647;
			files = (
				49AF70722223805F0081EE79 /* LaunchScreen.storyboard in Resources */,
				49AF706F2223805F0081EE79 /* Assets.xcassets in Resources */,
				49AF706D2223805E0081EE79 /* Main.storyboard in Resources */,
			);
			runOnlyForDeploymentPostprocessing = 0;
		};
/* End PBXResourcesBuildPhase section */

/* Begin PBXShellScriptBuildPhase section */
		53EC34FF287E69C00FD8B176 /* [CP] Embed Pods Frameworks */ = {
			isa = PBXShellScriptBuildPhase;
			buildActionMask = 2147483647;
			files = (
			);
			inputFileListPaths = (
			);
			inputPaths = (
				"${PODS_ROOT}/Target Support Files/Pods-ActivityIndicator/Pods-ActivityIndicator-frameworks.sh",
				"${BUILT_PRODUCTS_DIR}/NVActivityIndicatorView/NVActivityIndicatorView.framework",
			);
			name = "[CP] Embed Pods Frameworks";
			outputFileListPaths = (
			);
			outputPaths = (
				"${TARGET_BUILD_DIR}/${FRAMEWORKS_FOLDER_PATH}/NVActivityIndicatorView.framework",
			);
			runOnlyForDeploymentPostprocessing = 0;
			shellPath = /bin/sh;
			shellScript = "\"${PODS_ROOT}/Target Support Files/Pods-ActivityIndicator/Pods-ActivityIndicator-frameworks.sh\"\n";
			showEnvVarsInLog = 0;
		};
		64EC48EDF2AEE79C475A9C35 /* [CP] Check Pods Manifest.lock */ = {
			isa = PBXShellScriptBuildPhase;
			buildActionMask = 2147483647;
			files = (
			);
			inputFileListPaths = (
			);
			inputPaths = (
				"${PODS_PODFILE_DIR_PATH}/Podfile.lock",
				"${PODS_ROOT}/Manifest.lock",
			);
			name = "[CP] Check Pods Manifest.lock";
			outputFileListPaths = (
			);
			outputPaths = (
				"$(DERIVED_FILE_DIR)/Pods-ActivityIndicator-checkManifestLockResult.txt",
			);
			runOnlyForDeploymentPostprocessing = 0;
			shellPath = /bin/sh;
			shellScript = "diff \"${PODS_PODFILE_DIR_PATH}/Podfile.lock\" \"${PODS_ROOT}/Manifest.lock\" > /dev/null\nif [ $? != 0 ] ; then\n    # print error to STDERR\n    echo \"error: The sandbox is not in sync with the Podfile.lock. Run 'pod install' or update your CocoaPods installation.\" >&2\n    exit 1\nfi\n# This output is used by Xcode 'outputs' to avoid re-running this script phase.\necho \"SUCCESS\" > \"${SCRIPT_OUTPUT_FILE_0}\"\n";
			showEnvVarsInLog = 0;
		};
/* End PBXShellScriptBuildPhase section */

/* Begin PBXSourcesBuildPhase section */
		49AF70602223805E0081EE79 /* Sources */ = {
			isa = PBXSourcesBuildPhase;
			buildActionMask = 2147483647;
			files = (
				49AF706A2223805E0081EE79 /* ViewController.swift in Sources */,
				49AF70682223805E0081EE79 /* AppDelegate.swift in Sources */,
			);
			runOnlyForDeploymentPostprocessing = 0;
		};
/* End PBXSourcesBuildPhase section */

/* Begin PBXVariantGroup section */
		49AF706B2223805E0081EE79 /* Main.storyboard */ = {
			isa = PBXVariantGroup;
			children = (
				49AF706C2223805E0081EE79 /* Base */,
			);
			name = Main.storyboard;
			sourceTree = "<group>";
		};
		49AF70702223805F0081EE79 /* LaunchScreen.storyboard */ = {
			isa = PBXVariantGroup;
			children = (
				49AF70712223805F0081EE79 /* Base */,
			);
			name = LaunchScreen.storyboard;
			sourceTree = "<group>";
		};
/* End PBXVariantGroup section */

/* Begin XCBuildConfiguration section */
		49AF70742223805F0081EE79 /* Debug */ = {
			isa = XCBuildConfiguration;
			buildSettings = {
				ALWAYS_SEARCH_USER_PATHS = NO;
				CLANG_ANALYZER_NONNULL = YES;
				CLANG_ANALYZER_NUMBER_OBJECT_CONVERSION = YES_AGGRESSIVE;
				CLANG_CXX_LANGUAGE_STANDARD = "gnu++14";
				CLANG_CXX_LIBRARY = "libc++";
				CLANG_ENABLE_MODULES = YES;
				CLANG_ENABLE_OBJC_ARC = YES;
				CLANG_ENABLE_OBJC_WEAK = YES;
				CLANG_WARN_BLOCK_CAPTURE_AUTORELEASING = YES;
				CLANG_WARN_BOOL_CONVERSION = YES;
				CLANG_WARN_COMMA = YES;
				CLANG_WARN_CONSTANT_CONVERSION = YES;
				CLANG_WARN_DEPRECATED_OBJC_IMPLEMENTATIONS = YES;
				CLANG_WARN_DIRECT_OBJC_ISA_USAGE = YES_ERROR;
				CLANG_WARN_DOCUMENTATION_COMMENTS = YES;
				CLANG_WARN_EMPTY_BODY = YES;
				CLANG_WARN_ENUM_CONVERSION = YES;
				CLANG_WARN_INFINITE_RECURSION = YES;
				CLANG_WARN_INT_CONVERSION = YES;
				CLANG_WARN_NON_LITERAL_NULL_CONVERSION = YES;
				CLANG_WARN_OBJC_IMPLICIT_RETAIN_SELF = YES;
				CLANG_WARN_OBJC_LITERAL_CONVERSION = YES;
				CLANG_WARN_OBJC_ROOT_CLASS = YES_ERROR;
				CLANG_WARN_RANGE_LOOP_ANALYSIS = YES;
				CLANG_WARN_STRICT_PROTOTYPES = YES;
				CLANG_WARN_SUSPICIOUS_MOVE = YES;
				CLANG_WARN_UNGUARDED_AVAILABILITY = YES_AGGRESSIVE;
				CLANG_WARN_UNREACHABLE_CODE = YES;
				CLANG_WARN__DUPLICATE_METHOD_MATCH = YES;
				CODE_SIGN_IDENTITY = "iPhone Developer";
				COPY_PHASE_STRIP = NO;
				DEBUG_INFORMATION_FORMAT = dwarf;
				ENABLE_STRICT_OBJC_MSGSEND = YES;
				ENABLE_TESTABILITY = YES;
				GCC_C_LANGUAGE_STANDARD = gnu11;
				GCC_DYNAMIC_NO_PIC = NO;
				GCC_NO_COMMON_BLOCKS = YES;
				GCC_OPTIMIZATION_LEVEL = 0;
				GCC_PREPROCESSOR_DEFINITIONS = (
					"DEBUG=1",
					"$(inherited)",
				);
				GCC_WARN_64_TO_32_BIT_CONVERSION = YES;
				GCC_WARN_ABOUT_RETURN_TYPE = YES_ERROR;
				GCC_WARN_UNDECLARED_SELECTOR = YES;
				GCC_WARN_UNINITIALIZED_AUTOS = YES_AGGRESSIVE;
				GCC_WARN_UNUSED_FUNCTION = YES;
				GCC_WARN_UNUSED_VARIABLE = YES;
				IPHONEOS_DEPLOYMENT_TARGET = 12.1;
				MTL_ENABLE_DEBUG_INFO = INCLUDE_SOURCE;
				MTL_FAST_MATH = YES;
				ONLY_ACTIVE_ARCH = YES;
				SDKROOT = iphoneos;
				SWIFT_ACTIVE_COMPILATION_CONDITIONS = DEBUG;
				SWIFT_OPTIMIZATION_LEVEL = "-Onone";
			};
			name = Debug;
		};
		49AF70752223805F0081EE79 /* Release */ = {
			isa = XCBuildConfiguration;
			buildSettings = {
				ALWAYS_SEARCH_USER_PATHS = NO;
				CLANG_ANALYZER_NONNULL = YES;
				CLANG_ANALYZER_NUMBER_OBJECT_CONVERSION = YES_AGGRESSIVE;
				CLANG_CXX_LANGUAGE_STANDARD = "gnu++14";
				CLANG_CXX_LIBRARY = "libc++";
				CLANG_ENABLE_MODULES = YES;
				CLANG_ENABLE_OBJC_ARC = YES;
				CLANG_ENABLE_OBJC_WEAK = YES;
				CLANG_WARN_BLOCK_CAPTURE_AUTORELEASING = YES;
				CLANG_WARN_BOOL_CONVERSION = YES;
				CLANG_WARN_COMMA = YES;
				CLANG_WARN_CONSTANT_CONVERSION = YES;
				CLANG_WARN_DEPRECATED_OBJC_IMPLEMENTATIONS = YES;
				CLANG_WARN_DIRECT_OBJC_ISA_USAGE = YES_ERROR;
				CLANG_WARN_DOCUMENTATION_COMMENTS = YES;
				CLANG_WARN_EMPTY_BODY = YES;
				CLANG_WARN_ENUM_CONVERSION = YES;
				CLANG_WARN_INFINITE_RECURSION = YES;
				CLANG_WARN_INT_CONVERSION = YES;
				CLANG_WARN_NON_LITERAL_NULL_CONVERSION = YES;
				CLANG_WARN_OBJC_IMPLICIT_RETAIN_SELF = YES;
				CLANG_WARN_OBJC_LITERAL_CONVERSION = YES;
				CLANG_WARN_OBJC_ROOT_CLASS = YES_ERROR;
				CLANG_WARN_RANGE_LOOP_ANALYSIS = YES;
				CLANG_WARN_STRICT_PROTOTYPES = YES;
				CLANG_WARN_SUSPICIOUS_MOVE = YES;
				CLANG_WARN_UNGUARDED_AVAILABILITY = YES_AGGRESSIVE;
				CLANG_WARN_UNREACHABLE_CODE = YES;
				CLANG_WARN__DUPLICATE_METHOD_MATCH = YES;
				CODE_SIGN_IDENTITY = "iPhone Developer";
				COPY_PHASE_STRIP = NO;
				DEBUG_INFORMATION_FORMAT = "dwarf-with-dsym";
				ENABLE_NS_ASSERTIONS = NO;
				ENABLE_STRICT_OBJC_MSGSEND = YES;
				GCC_C_LANGUAGE_STANDARD = gnu11;
				GCC_NO_COMMON_BLOCKS = YES;
				GCC_WARN_64_TO_32_BIT_CONVERSION = YES;
				GCC_WARN_ABOUT_RETURN_TYPE = YES_ERROR;
				GCC_WARN_UNDECLARED_SELECTOR = YES;
				GCC_WARN_UNINITIALIZED_AUTOS = YES_AGGRESSIVE;
				GCC_WARN_UNUSED_FUNCTION = YES;
				GCC_WARN_UNUSED_VARIABLE = YES;
				IPHONEOS_DEPLOYMENT_TARGET = 12.1;
				MTL_ENABLE_DEBUG_INFO = NO;
				MTL_FAST_MATH = YES;
				SDKROOT = iphoneos;
				SWIFT_COMPILATION_MODE = wholemodule;
				SWIFT_OPTIMIZATION_LEVEL = "-O";
				VALIDATE_PRODUCT = YES;
			};
			name = Release;
		};
		49AF70772223805F0081EE79 /* Debug */ = {
			isa = XCBuildConfiguration;
			baseConfigurationReference = 41FCB5179479D2FC1DE67874 /* Pods-ActivityIndicator.debug.xcconfig */;
			buildSettings = {
				ASSETCATALOG_COMPILER_APPICON_NAME = AppIcon;
				CODE_SIGN_STYLE = Automatic;
				DEVELOPMENT_TEAM = KAAH8G3K8Y;
				INFOPLIST_FILE = ActivityIndicator/Info.plist;
				LD_RUNPATH_SEARCH_PATHS = (
					"$(inherited)",
					"@executable_path/Frameworks",
				);
				PRODUCT_BUNDLE_IDENTIFIER = imcs2.ActivityIndicator;
				PRODUCT_NAME = "$(TARGET_NAME)";
				SWIFT_VERSION = 4.2;
				TARGETED_DEVICE_FAMILY = "1,2";
			};
			name = Debug;
		};
		49AF70782223805F0081EE79 /* Release */ = {
			isa = XCBuildConfiguration;
			baseConfigurationReference = 7C925DF05E63E1E69FBD3260 /* Pods-ActivityIndicator.release.xcconfig */;
			buildSettings = {
				ASSETCATALOG_COMPILER_APPICON_NAME = AppIcon;
				CODE_SIGN_STYLE = Automatic;
				DEVELOPMENT_TEAM = KAAH8G3K8Y;
				INFOPLIST_FILE = ActivityIndicator/Info.plist;
				LD_RUNPATH_SEARCH_PATHS = (
					"$(inherited)",
					"@executable_path/Frameworks",
				);
				PRODUCT_BUNDLE_IDENTIFIER = imcs2.ActivityIndicator;
				PRODUCT_NAME = "$(TARGET_NAME)";
				SWIFT_VERSION = 4.2;
				TARGETED_DEVICE_FAMILY = "1,2";
			};
			name = Release;
		};
/* End XCBuildConfiguration section */

/* Begin XCConfigurationList section */
		49AF705F2223805E0081EE79 /* Build configuration list for PBXProject "ActivityIndicator" */ = {
			isa = XCConfigurationList;
			buildConfigurations = (
				49AF70742223805F0081EE79 /* Debug */,
				49AF70752223805F0081EE79 /* Release */,
			);
			defaultConfigurationIsVisible = 0;
			defaultConfigurationName = Release;
		};
		49AF70762223805F0081EE79 /* Build configuration list for PBXNativeTarget "ActivityIndicator" */ = {
			isa = XCConfigurationList;
			buildConfigurations = (
				49AF70772223805F0081EE79 /* Debug */,
				49AF70782223805F0081EE79 /* Release */,
			);
			defaultConfigurationIsVisible = 0;
			defaultConfigurationName = Release;
		};
/* End XCConfigurationList section */
	};
	rootObject = 49AF705C2223805E0081EE79 /* Project object */;
}
